
Microsoft Visual Studio Solution File, Format Version 12.00
# Visual Studio Version 17
VisualStudioVersion = 17.2.32526.322
MinimumVisualStudioVersion = 10.0.40219.1
Project("{FAE04EC0-301F-11D3-BF4B-00C04F79EFBC}") = "CRBCourseLib", "CRBCourseLib\CRBCourseLib.csproj", "{B70F14A7-5A6C-4A77-AE8C-D8B8FA680F57}"
EndProject
Project("{FAE04EC0-301F-11D3-BF4B-00C04F79EFBC}") = "TestCourse", "TestCourse\TestCourse.csproj", "{82329BFC-9646-42F2-9012-6262ACF7C5BA}"
EndProject
Global
	GlobalSection(SolutionConfigurationPlatforms) = preSolution
		Debug|Any CPU = Debug|Any CPU
		Release|Any CPU = Release|Any CPU
	EndGlobalSection
	GlobalSection(ProjectConfigurationPlatforms) = postSolution
		{B70F14A7-5A6C-4A77-AE8C-D8B8FA680F57}.Debug|Any CPU.ActiveCfg = Debug|Any CPU
		{B70F14A7-5A6C-4A77-AE8C-D8B8FA680F57}.Debug|Any CPU.Build.0 = Debug|Any CPU
		{B70F14A7-5A6C-4A77-AE8C-D8B8FA680F57}.Release|Any CPU.ActiveCfg = Release|Any CPU
		{B70F14A7-5A6C-4A77-AE8C-D8B8FA680F57}.Release|Any CPU.Build.0 = Release|Any CPU
		{82329BFC-9646-42F2-9012-6262ACF7C5BA}.Debug|Any CPU.ActiveCfg = Debug|Any CPU
		{82329BFC-9646-42F2-9012-6262ACF7C5BA}.Debug|Any CPU.Build.0 = Debug|Any CPU
		{82329BFC-9646-42F2-9012-6262ACF7C5BA}.Release|Any CPU.ActiveCfg = Release|Any CPU
		{82329BFC-9646-42F2-9012-6262ACF7C5BA}.Release|Any CPU.Build.0 = Release|Any CPU
	EndGlobalSection
	GlobalSection(SolutionProperties) = preSolution
		HideSolutionNode = FALSE
	EndGlobalSection
	GlobalSection(ExtensibilityGlobals) = postSolution
		SolutionGuid = {8E73F147-FC72-4C3F-BBCA-0A95D97D0757}
	EndGlobalSection
EndGlobal
